
Microsoft Visual Studio Solution File, Format Version 12.00
# Visual Studio Version 17
VisualStudioVersion = 17.9.34728.123
MinimumVisualStudioVersion = 10.0.40219.1
Project("{FAE04EC0-301F-11D3-BF4B-00C04F79EFBC}") = "FærdighedsPrøve", "FærdighedsPrøve\FærdighedsPrøve.csproj", "{D4AA3D58-B81E-4FAA-967D-1A42C80A1CC6}"
EndProject
Global
	GlobalSection(SolutionConfigurationPlatforms) = preSolution
		Debug|Any CPU = Debug|Any CPU
		Release|Any CPU = Release|Any CPU
	EndGlobalSection
	GlobalSection(ProjectConfigurationPlatforms) = postSolution
		{D4AA3D58-B81E-4FAA-967D-1A42C80A1CC6}.Debug|Any CPU.ActiveCfg = Debug|Any CPU
		{D4AA3D58-B81E-4FAA-967D-1A42C80A1CC6}.Debug|Any CPU.Build.0 = Debug|Any CPU
		{D4AA3D58-B81E-4FAA-967D-1A42C80A1CC6}.Release|Any CPU.ActiveCfg = Release|Any CPU
		{D4AA3D58-B81E-4FAA-967D-1A42C80A1CC6}.Release|Any CPU.Build.0 = Release|Any CPU
	EndGlobalSection
	GlobalSection(SolutionProperties) = preSolution
		HideSolutionNode = FALSE
	EndGlobalSection
	GlobalSection(ExtensibilityGlobals) = postSolution
		SolutionGuid = {78F5941A-B753-4713-BC7D-26BE1C013417}
	EndGlobalSection
EndGlobal
